
Microsoft Visual Studio Solution File, Format Version 12.00
# Visual Studio 15
VisualStudioVersion = 15.0.27703.2035
MinimumVisualStudioVersion = 10.0.40219.1
Project("{FAE04EC0-301F-11D3-BF4B-00C04F79EFBC}") = "PublishPipelineTesting", "PublishPipelineTesting\PublishPipelineTesting.csproj", "{649BB26B-C0A0-4587-8074-8AFF30C97014}"
EndProject
Global
	GlobalSection(SolutionConfigurationPlatforms) = preSolution
		Debug|Any CPU = Debug|Any CPU
		Release|Any CPU = Release|Any CPU
	EndGlobalSection
	GlobalSection(ProjectConfigurationPlatforms) = postSolution
		{649BB26B-C0A0-4587-8074-8AFF30C97014}.Debug|Any CPU.ActiveCfg = Debug|Any CPU
		{649BB26B-C0A0-4587-8074-8AFF30C97014}.Debug|Any CPU.Build.0 = Debug|Any CPU
		{649BB26B-C0A0-4587-8074-8AFF30C97014}.Release|Any CPU.ActiveCfg = Release|Any CPU
		{649BB26B-C0A0-4587-8074-8AFF30C97014}.Release|Any CPU.Build.0 = Release|Any CPU
	EndGlobalSection
	GlobalSection(SolutionProperties) = preSolution
		HideSolutionNode = FALSE
	EndGlobalSection
	GlobalSection(ExtensibilityGlobals) = postSolution
		SolutionGuid = {349EE8FF-D2AD-4AC5-92D2-881463777EB7}
	EndGlobalSection
EndGlobal
